
Microsoft Visual Studio Solution File, Format Version 12.00
# Visual Studio 15
VisualStudioVersion = 15.0.28307.106
MinimumVisualStudioVersion = 10.0.40219.1
Project("{FAE04EC0-301F-11D3-BF4B-00C04F79EFBC}") = "Settlers", "Settlers\Settlers\Settlers.csproj", "{15EBB3F2-F5BC-4DED-9BD4-281B5788ACAE}"
EndProject
Project("{96E2B04D-8817-42C6-938A-82C39BA4D311}") = "SettlersContent", "Settlers\SettlersContent\SettlersContent.contentproj", "{78BEEE39-D2FF-4F4C-9165-4A157E2B1CFB}"
EndProject
Global
	GlobalSection(SolutionConfigurationPlatforms) = preSolution
		Debug|x86 = Debug|x86
		Release|x86 = Release|x86
	EndGlobalSection
	GlobalSection(ProjectConfigurationPlatforms) = postSolution
		{15EBB3F2-F5BC-4DED-9BD4-281B5788ACAE}.Debug|x86.ActiveCfg = Debug|x86
		{15EBB3F2-F5BC-4DED-9BD4-281B5788ACAE}.Debug|x86.Build.0 = Debug|x86
		{15EBB3F2-F5BC-4DED-9BD4-281B5788ACAE}.Release|x86.ActiveCfg = Release|x86
		{15EBB3F2-F5BC-4DED-9BD4-281B5788ACAE}.Release|x86.Build.0 = Release|x86
		{78BEEE39-D2FF-4F4C-9165-4A157E2B1CFB}.Debug|x86.ActiveCfg = Debug|x86
		{78BEEE39-D2FF-4F4C-9165-4A157E2B1CFB}.Release|x86.ActiveCfg = Release|x86
	EndGlobalSection
	GlobalSection(SolutionProperties) = preSolution
		HideSolutionNode = FALSE
	EndGlobalSection
	GlobalSection(ExtensibilityGlobals) = postSolution
		SolutionGuid = {6CEA52FD-D9F2-445C-895E-467DEBBAB2AF}
	EndGlobalSection
EndGlobal
